
Microsoft Visual Studio Solution File, Format Version 12.00
# Visual Studio Version 16
VisualStudioVersion = 16.0.810.14
MinimumVisualStudioVersion = 10.0.40219.1
Project("{FAE04EC0-301F-11D3-BF4B-00C04F79EFBC}") = "ConwaysGameOfLife", "ConwaysGameOfLife\ConwaysGameOfLife.csproj", "{CF711B79-2967-45D9-BEF6-925C632B9B08}"
EndProject
Global
	GlobalSection(SolutionConfigurationPlatforms) = preSolution
		Debug|Any CPU = Debug|Any CPU
		Release|Any CPU = Release|Any CPU
	EndGlobalSection
	GlobalSection(ProjectConfigurationPlatforms) = postSolution
		{CF711B79-2967-45D9-BEF6-925C632B9B08}.Debug|Any CPU.ActiveCfg = Debug|Any CPU
		{CF711B79-2967-45D9-BEF6-925C632B9B08}.Debug|Any CPU.Build.0 = Debug|Any CPU
		{CF711B79-2967-45D9-BEF6-925C632B9B08}.Release|Any CPU.ActiveCfg = Release|Any CPU
		{CF711B79-2967-45D9-BEF6-925C632B9B08}.Release|Any CPU.Build.0 = Release|Any CPU
	EndGlobalSection
	GlobalSection(SolutionProperties) = preSolution
		HideSolutionNode = FALSE
	EndGlobalSection
	GlobalSection(ExtensibilityGlobals) = postSolution
		SolutionGuid = {89BDE818-D0D7-41D2-B3FD-1AC8155A4C75}
	EndGlobalSection
EndGlobal
