
Microsoft Visual Studio Solution File, Format Version 12.00
# Visual Studio 15
Project("{FAE04EC0-301F-11D3-BF4B-00C04F79EFBC}") = "BestTimeToBuyAndSellStock", "BestTimeToBuyAndSellStock.csproj", "{2E583841-5545-4E46-92C8-97FD89E263EE}"
EndProject
Global
	GlobalSection(SolutionConfigurationPlatforms) = preSolution
		Debug|Any CPU = Debug|Any CPU
		Release|Any CPU = Release|Any CPU
	EndGlobalSection
	GlobalSection(ProjectConfigurationPlatforms) = postSolution
		{2E583841-5545-4E46-92C8-97FD89E263EE}.Debug|Any CPU.ActiveCfg = Debug|Any CPU
		{2E583841-5545-4E46-92C8-97FD89E263EE}.Debug|Any CPU.Build.0 = Debug|Any CPU
		{2E583841-5545-4E46-92C8-97FD89E263EE}.Release|Any CPU.ActiveCfg = Release|Any CPU
		{2E583841-5545-4E46-92C8-97FD89E263EE}.Release|Any CPU.Build.0 = Release|Any CPU
	EndGlobalSection
EndGlobal
